// !$*UTF8*$!
{
	archiveVersion = 1;
	classes = {
	};
	objectVersion = 55;
	objects = {

/* Begin PBXBuildFile section */
		B136FFC129418FC2006766AA /* Tests_iOS.swift in Sources */ = {isa = PBXBuildFile; fileRef = B136FFC029418FC2006766AA /* Tests_iOS.swift */; };
		B136FFC329418FC2006766AA /* Tests_iOSLaunchTests.swift in Sources */ = {isa = PBXBuildFile; fileRef = B136FFC229418FC2006766AA /* Tests_iOSLaunchTests.swift */; };
		B136FFCD29418FC2006766AA /* Tests_macOS.swift in Sources */ = {isa = PBXBuildFile; fileRef = B136FFCC29418FC2006766AA /* Tests_macOS.swift */; };
		B136FFCF29418FC2006766AA /* Tests_macOSLaunchTests.swift in Sources */ = {isa = PBXBuildFile; fileRef = B136FFCE29418FC2006766AA /* Tests_macOSLaunchTests.swift */; };
		B136FFD029418FC2006766AA /* GitDemoApp.swift in Sources */ = {isa = PBXBuildFile; fileRef = B136FFA829418FC2006766AA /* GitDemoApp.swift */; };
		B136FFD129418FC2006766AA /* GitDemoApp.swift in Sources */ = {isa = PBXBuildFile; fileRef = B136FFA829418FC2006766AA /* GitDemoApp.swift */; };
		B136FFD229418FC2006766AA /* MainView.swift in Sources */ = {isa = PBXBuildFile; fileRef = B136FFA929418FC2006766AA /* MainView.swift */; };
		B136FFD329418FC2006766AA /* MainView.swift in Sources */ = {isa = PBXBuildFile; fileRef = B136FFA929418FC2006766AA /* MainView.swift */; };
		B136FFD429418FC2006766AA /* Assets.xcassets in Resources */ = {isa = PBXBuildFile; fileRef = B136FFAA29418FC2006766AA /* Assets.xcassets */; };
		B136FFD529418FC2006766AA /* Assets.xcassets in Resources */ = {isa = PBXBuildFile; fileRef = B136FFAA29418FC2006766AA /* Assets.xcassets */; };
		B136FFE529419156006766AA /* SecondView.swift in Sources */ = {isa = PBXBuildFile; fileRef = B136FFE429419156006766AA /* SecondView.swift */; };
		B136FFE629419156006766AA /* SecondView.swift in Sources */ = {isa = PBXBuildFile; fileRef = B136FFE429419156006766AA /* SecondView.swift */; };
/* End PBXBuildFile section */

/* Begin PBXContainerItemProxy section */
		B136FFBD29418FC2006766AA /* PBXContainerItemProxy */ = {
			isa = PBXContainerItemProxy;
			containerPortal = B136FFA329418FC2006766AA /* Project object */;
			proxyType = 1;
			remoteGlobalIDString = B136FFAE29418FC2006766AA;
			remoteInfo = "GitDemo (iOS)";
		};
		B136FFC929418FC2006766AA /* PBXContainerItemProxy */ = {
			isa = PBXContainerItemProxy;
			containerPortal = B136FFA329418FC2006766AA /* Project object */;
			proxyType = 1;
			remoteGlobalIDString = B136FFB429418FC2006766AA;
			remoteInfo = "GitDemo (macOS)";
		};
/* End PBXContainerItemProxy section */

/* Begin PBXFileReference section */
		B136FFA829418FC2006766AA /* GitDemoApp.swift */ = {isa = PBXFileReference; lastKnownFileType = sourcecode.swift; path = GitDemoApp.swift; sourceTree = "<group>"; };
		B136FFA929418FC2006766AA /* MainView.swift */ = {isa = PBXFileReference; lastKnownFileType = sourcecode.swift; path = MainView.swift; sourceTree = "<group>"; };
		B136FFAA29418FC2006766AA /* Assets.xcassets */ = {isa = PBXFileReference; lastKnownFileType = folder.assetcatalog; path = Assets.xcassets; sourceTree = "<group>"; };
		B136FFAF29418FC2006766AA /* GitDemo.app */ = {isa = PBXFileReference; explicitFileType = wrapper.application; includeInIndex = 0; path = GitDemo.app; sourceTree = BUILT_PRODUCTS_DIR; };
		B136FFB529418FC2006766AA /* GitDemo.app */ = {isa = PBXFileReference; explicitFileType = wrapper.application; includeInIndex = 0; path = GitDemo.app; sourceTree = BUILT_PRODUCTS_DIR; };
		B136FFB729418FC2006766AA /* macOS.entitlements */ = {isa = PBXFileReference; lastKnownFileType = text.plist.entitlements; path = macOS.entitlements; sourceTree = "<group>"; };
		B136FFBC29418FC2006766AA /* Tests iOS.xctest */ = {isa = PBXFileReference; explicitFileType = wrapper.cfbundle; includeInIndex = 0; path = "Tests iOS.xctest"; sourceTree = BUILT_PRODUCTS_DIR; };
		B136FFC029418FC2006766AA /* Tests_iOS.swift */ = {isa = PBXFileReference; lastKnownFileType = sourcecode.swift; path = Tests_iOS.swift; sourceTree = "<group>"; };
		B136FFC229418FC2006766AA /* Tests_iOSLaunchTests.swift */ = {isa = PBXFileReference; lastKnownFileType = sourcecode.swift; path = Tests_iOSLaunchTests.swift; sourceTree = "<group>"; };
		B136FFC829418FC2006766AA /* Tests macOS.xctest */ = {isa = PBXFileReference; explicitFileType = wrapper.cfbundle; includeInIndex = 0; path = "Tests macOS.xctest"; sourceTree = BUILT_PRODUCTS_DIR; };
		B136FFCC29418FC2006766AA /* Tests_macOS.swift */ = {isa = PBXFileReference; lastKnownFileType = sourcecode.swift; path = Tests_macOS.swift; sourceTree = "<group>"; };
		B136FFCE29418FC2006766AA /* Tests_macOSLaunchTests.swift */ = {isa = PBXFileReference; lastKnownFileType = sourcecode.swift; path = Tests_macOSLaunchTests.swift; sourceTree = "<group>"; };
		B136FFE429419156006766AA /* SecondView.swift */ = {isa = PBXFileReference; lastKnownFileType = sourcecode.swift; path = SecondView.swift; sourceTree = "<group>"; };
/* End PBXFileReference section */

/* Begin PBXFrameworksBuildPhase section */
		B136FFAC29418FC2006766AA /* Frameworks */ = {
			isa = PBXFrameworksBuildPhase;
			buildActionMask = 2147483647;
			files = (
			);
			runOnlyForDeploymentPostprocessing = 0;
		};
		B136FFB229418FC2006766AA /* Frameworks */ = {
			isa = PBXFrameworksBuildPhase;
			buildActionMask = 2147483647;
			files = (
			);
			runOnlyForDeploymentPostprocessing = 0;
		};
		B136FFB929418FC2006766AA /* Frameworks */ = {
			isa = PBXFrameworksBuildPhase;
			buildActionMask = 2147483647;
			files = (
			);
			runOnlyForDeploymentPostprocessing = 0;
		};
		B136FFC529418FC2006766AA /* Frameworks */ = {
			isa = PBXFrameworksBuildPhase;
			buildActionMask = 2147483647;
			files = (
			);
			runOnlyForDeploymentPostprocessing = 0;
		};
/* End PBXFrameworksBuildPhase section */

/* Begin PBXGroup section */
		B136FFA229418FC2006766AA = {
			isa = PBXGroup;
			children = (
				B136FFA729418FC2006766AA /* Shared */,
				B136FFB629418FC2006766AA /* macOS */,
				B136FFBF29418FC2006766AA /* Tests iOS */,
				B136FFCB29418FC2006766AA /* Tests macOS */,
				B136FFB029418FC2006766AA /* Products */,
			);
			sourceTree = "<group>";
		};
		B136FFA729418FC2006766AA /* Shared */ = {
			isa = PBXGroup;
			children = (
				B136FFA829418FC2006766AA /* GitDemoApp.swift */,
				B136FFA929418FC2006766AA /* MainView.swift */,
				B136FFE429419156006766AA /* SecondView.swift */,
				B136FFAA29418FC2006766AA /* Assets.xcassets */,
			);
			path = Shared;
			sourceTree = "<group>";
		};
		B136FFB029418FC2006766AA /* Products */ = {
			isa = PBXGroup;
			children = (
				B136FFAF29418FC2006766AA /* GitDemo.app */,
				B136FFB529418FC2006766AA /* GitDemo.app */,
				B136FFBC29418FC2006766AA /* Tests iOS.xctest */,
				B136FFC829418FC2006766AA /* Tests macOS.xctest */,
			);
			name = Products;
			sourceTree = "<group>";
		};
		B136FFB629418FC2006766AA /* macOS */ = {
			isa = PBXGroup;
			children = (
				B136FFB729418FC2006766AA /* macOS.entitlements */,
			);
			path = macOS;
			sourceTree = "<group>";
		};
		B136FFBF29418FC2006766AA /* Tests iOS */ = {
			isa = PBXGroup;
			children = (
				B136FFC029418FC2006766AA /* Tests_iOS.swift */,
				B136FFC229418FC2006766AA /* Tests_iOSLaunchTests.swift */,
			);
			path = "Tests iOS";
			sourceTree = "<group>";
		};
		B136FFCB29418FC2006766AA /* Tests macOS */ = {
			isa = PBXGroup;
			children = (
				B136FFCC29418FC2006766AA /* Tests_macOS.swift */,
				B136FFCE29418FC2006766AA /* Tests_macOSLaunchTests.swift */,
			);
			path = "Tests macOS";
			sourceTree = "<group>";
		};
/* End PBXGroup section */

/* Begin PBXNativeTarget section */
		B136FFAE29418FC2006766AA /* GitDemo (iOS) */ = {
			isa = PBXNativeTarget;
			buildConfigurationList = B136FFD829418FC2006766AA /* Build configuration list for PBXNativeTarget "GitDemo (iOS)" */;
			buildPhases = (
				B136FFAB29418FC2006766AA /* Sources */,
				B136FFAC29418FC2006766AA /* Frameworks */,
				B136FFAD29418FC2006766AA /* Resources */,
			);
			buildRules = (
			);
			dependencies = (
			);
			name = "GitDemo (iOS)";
			productName = "GitDemo (iOS)";
			productReference = B136FFAF29418FC2006766AA /* GitDemo.app */;
			productType = "com.apple.product-type.application";
		};
		B136FFB429418FC2006766AA /* GitDemo (macOS) */ = {
			isa = PBXNativeTarget;
			buildConfigurationList = B136FFDB29418FC2006766AA /* Build configuration list for PBXNativeTarget "GitDemo (macOS)" */;
			buildPhases = (
				B136FFB129418FC2006766AA /* Sources */,
				B136FFB229418FC2006766AA /* Frameworks */,
				B136FFB329418FC2006766AA /* Resources */,
			);
			buildRules = (
			);
			dependencies = (
			);
			name = "GitDemo (macOS)";
			productName = "GitDemo (macOS)";
			productReference = B136FFB529418FC2006766AA /* GitDemo.app */;
			productType = "com.apple.product-type.application";
		};
		B136FFBB29418FC2006766AA /* Tests iOS */ = {
			isa = PBXNativeTarget;
			buildConfigurationList = B136FFDE29418FC2006766AA /* Build configuration list for PBXNativeTarget "Tests iOS" */;
			buildPhases = (
				B136FFB829418FC2006766AA /* Sources */,
				B136FFB929418FC2006766AA /* Frameworks */,
				B136FFBA29418FC2006766AA /* Resources */,
			);
			buildRules = (
			);
			dependencies = (
				B136FFBE29418FC2006766AA /* PBXTargetDependency */,
			);
			name = "Tests iOS";
			productName = "Tests iOS";
			productReference = B136FFBC29418FC2006766AA /* Tests iOS.xctest */;
			productType = "com.apple.product-type.bundle.ui-testing";
		};
		B136FFC729418FC2006766AA /* Tests macOS */ = {
			isa = PBXNativeTarget;
			buildConfigurationList = B136FFE129418FC2006766AA /* Build configuration list for PBXNativeTarget "Tests macOS" */;
			buildPhases = (
				B136FFC429418FC2006766AA /* Sources */,
				B136FFC529418FC2006766AA /* Frameworks */,
				B136FFC629418FC2006766AA /* Resources */,
			);
			buildRules = (
			);
			dependencies = (
				B136FFCA29418FC2006766AA /* PBXTargetDependency */,
			);
			name = "Tests macOS";
			productName = "Tests macOS";
			productReference = B136FFC829418FC2006766AA /* Tests macOS.xctest */;
			productType = "com.apple.product-type.bundle.ui-testing";
		};
/* End PBXNativeTarget section */

/* Begin PBXProject section */
		B136FFA329418FC2006766AA /* Project object */ = {
			isa = PBXProject;
			attributes = {
				BuildIndependentTargetsInParallel = 1;
				LastSwiftUpdateCheck = 1330;
				LastUpgradeCheck = 1330;
				TargetAttributes = {
					B136FFAE29418FC2006766AA = {
						CreatedOnToolsVersion = 13.3.1;
					};
					B136FFB429418FC2006766AA = {
						CreatedOnToolsVersion = 13.3.1;
					};
					B136FFBB29418FC2006766AA = {
						CreatedOnToolsVersion = 13.3.1;
						TestTargetID = B136FFAE29418FC2006766AA;
					};
					B136FFC729418FC2006766AA = {
						CreatedOnToolsVersion = 13.3.1;
						TestTargetID = B136FFB429418FC2006766AA;
					};
				};
			};
			buildConfigurationList = B136FFA629418FC2006766AA /* Build configuration list for PBXProject "GitDemo" */;
			compatibilityVersion = "Xcode 13.0";
			developmentRegion = en;
			hasScannedForEncodings = 0;
			knownRegions = (
				en,
				Base,
			);
			mainGroup = B136FFA229418FC2006766AA;
			productRefGroup = B136FFB029418FC2006766AA /* Products */;
			projectDirPath = "";
			projectRoot = "";
			targets = (
				B136FFAE29418FC2006766AA /* GitDemo (iOS) */,
				B136FFB429418FC2006766AA /* GitDemo (macOS) */,
				B136FFBB29418FC2006766AA /* Tests iOS */,
				B136FFC729418FC2006766AA /* Tests macOS */,
			);
		};
/* End PBXProject section */

/* Begin PBXResourcesBuildPhase section */
		B136FFAD29418FC2006766AA /* Resources */ = {
			isa = PBXResourcesBuildPhase;
			buildActionMask = 2147483647;
			files = (
				B136FFD429418FC2006766AA /* Assets.xcassets in Resources */,
			);
			runOnlyForDeploymentPostprocessing = 0;
		};
		B136FFB329418FC2006766AA /* Resources */ = {
			isa = PBXResourcesBuildPhase;
			buildActionMask = 2147483647;
			files = (
				B136FFD529418FC2006766AA /* Assets.xcassets in Resources */,
			);
			runOnlyForDeploymentPostprocessing = 0;
		};
		B136FFBA29418FC2006766AA /* Resources */ = {
			isa = PBXResourcesBuildPhase;
			buildActionMask = 2147483647;
			files = (
			);
			runOnlyForDeploymentPostprocessing = 0;
		};
		B136FFC629418FC2006766AA /* Resources */ = {
			isa = PBXResourcesBuildPhase;
			buildActionMask = 2147483647;
			files = (
			);
			runOnlyForDeploymentPostprocessing = 0;
		};
/* End PBXResourcesBuildPhase section */

/* Begin PBXSourcesBuildPhase section */
		B136FFAB29418FC2006766AA /* Sources */ = {
			isa = PBXSourcesBuildPhase;
			buildActionMask = 2147483647;
			files = (
				B136FFE529419156006766AA /* SecondView.swift in Sources */,
				B136FFD229418FC2006766AA /* MainView.swift in Sources */,
				B136FFD029418FC2006766AA /* GitDemoApp.swift in Sources */,
			);
			runOnlyForDeploymentPostprocessing = 0;
		};
		B136FFB129418FC2006766AA /* Sources */ = {
			isa = PBXSourcesBuildPhase;
			buildActionMask = 2147483647;
			files = (
				B136FFE629419156006766AA /* SecondView.swift in Sources */,
				B136FFD329418FC2006766AA /* MainView.swift in Sources */,
				B136FFD129418FC2006766AA /* GitDemoApp.swift in Sources */,
			);
			runOnlyForDeploymentPostprocessing = 0;
		};
		B136FFB829418FC2006766AA /* Sources */ = {
			isa = PBXSourcesBuildPhase;
			buildActionMask = 2147483647;
			files = (
				B136FFC329418FC2006766AA /* Tests_iOSLaunchTests.swift in Sources */,
				B136FFC129418FC2006766AA /* Tests_iOS.swift in Sources */,
			);
			runOnlyForDeploymentPostprocessing = 0;
		};
		B136FFC429418FC2006766AA /* Sources */ = {
			isa = PBXSourcesBuildPhase;
			buildActionMask = 2147483647;
			files = (
				B136FFCF29418FC2006766AA /* Tests_macOSLaunchTests.swift in Sources */,
				B136FFCD29418FC2006766AA /* Tests_macOS.swift in Sources */,
			);
			runOnlyForDeploymentPostprocessing = 0;
		};
/* End PBXSourcesBuildPhase section */

/* Begin PBXTargetDependency section */
		B136FFBE29418FC2006766AA /* PBXTargetDependency */ = {
			isa = PBXTargetDependency;
			target = B136FFAE29418FC2006766AA /* GitDemo (iOS) */;
			targetProxy = B136FFBD29418FC2006766AA /* PBXContainerItemProxy */;
		};
		B136FFCA29418FC2006766AA /* PBXTargetDependency */ = {
			isa = PBXTargetDependency;
			target = B136FFB429418FC2006766AA /* GitDemo (macOS) */;
			targetProxy = B136FFC929418FC2006766AA /* PBXContainerItemProxy */;
		};
/* End PBXTargetDependency section */

/* Begin XCBuildConfiguration section */
		B136FFD629418FC2006766AA /* Debug */ = {
			isa = XCBuildConfiguration;
			buildSettings = {
				ALWAYS_SEARCH_USER_PATHS = NO;
				CLANG_ANALYZER_NONNULL = YES;
				CLANG_ANALYZER_NUMBER_OBJECT_CONVERSION = YES_AGGRESSIVE;
				CLANG_CXX_LANGUAGE_STANDARD = "gnu++17";
				CLANG_ENABLE_MODULES = YES;
				CLANG_ENABLE_OBJC_ARC = YES;
				CLANG_ENABLE_OBJC_WEAK = YES;
				CLANG_WARN_BLOCK_CAPTURE_AUTORELEASING = YES;
				CLANG_WARN_BOOL_CONVERSION = YES;
				CLANG_WARN_COMMA = YES;
				CLANG_WARN_CONSTANT_CONVERSION = YES;
				CLANG_WARN_DEPRECATED_OBJC_IMPLEMENTATIONS = YES;
				CLANG_WARN_DIRECT_OBJC_ISA_USAGE = YES_ERROR;
				CLANG_WARN_DOCUMENTATION_COMMENTS = YES;
				CLANG_WARN_EMPTY_BODY = YES;
				CLANG_WARN_ENUM_CONVERSION = YES;
				CLANG_WARN_INFINITE_RECURSION = YES;
				CLANG_WARN_INT_CONVERSION = YES;
				CLANG_WARN_NON_LITERAL_NULL_CONVERSION = YES;
				CLANG_WARN_OBJC_IMPLICIT_RETAIN_SELF = YES;
				CLANG_WARN_OBJC_LITERAL_CONVERSION = YES;
				CLANG_WARN_OBJC_ROOT_CLASS = YES_ERROR;
				CLANG_WARN_QUOTED_INCLUDE_IN_FRAMEWORK_HEADER = YES;
				CLANG_WARN_RANGE_LOOP_ANALYSIS = YES;
				CLANG_WARN_STRICT_PROTOTYPES = YES;
				CLANG_WARN_SUSPICIOUS_MOVE = YES;
				CLANG_WARN_UNGUARDED_AVAILABILITY = YES_AGGRESSIVE;
				CLANG_WARN_UNREACHABLE_CODE = YES;
				CLANG_WARN__DUPLICATE_METHOD_MATCH = YES;
				COPY_PHASE_STRIP = NO;
				DEBUG_INFORMATION_FORMAT = dwarf;
				ENABLE_STRICT_OBJC_MSGSEND = YES;
				ENABLE_TESTABILITY = YES;
				GCC_C_LANGUAGE_STANDARD = gnu11;
				GCC_DYNAMIC_NO_PIC = NO;
				GCC_NO_COMMON_BLOCKS = YES;
				GCC_OPTIMIZATION_LEVEL = 0;
				GCC_PREPROCESSOR_DEFINITIONS = (
					"DEBUG=1",
					"$(inherited)",
				);
				GCC_WARN_64_TO_32_BIT_CONVERSION = YES;
				GCC_WARN_ABOUT_RETURN_TYPE = YES_ERROR;
				GCC_WARN_UNDECLARED_SELECTOR = YES;
				GCC_WARN_UNINITIALIZED_AUTOS = YES_AGGRESSIVE;
				GCC_WARN_UNUSED_FUNCTION = YES;
				GCC_WARN_UNUSED_VARIABLE = YES;
				MTL_ENABLE_DEBUG_INFO = INCLUDE_SOURCE;
				MTL_FAST_MATH = YES;
				ONLY_ACTIVE_ARCH = YES;
				SWIFT_ACTIVE_COMPILATION_CONDITIONS = DEBUG;
				SWIFT_OPTIMIZATION_LEVEL = "-Onone";
			};
			name = Debug;
		};
		B136FFD729418FC2006766AA /* Release */ = {
			isa = XCBuildConfiguration;
			buildSettings = {
				ALWAYS_SEARCH_USER_PATHS = NO;
				CLANG_ANALYZER_NONNULL = YES;
				CLANG_ANALYZER_NUMBER_OBJECT_CONVERSION = YES_AGGRESSIVE;
				CLANG_CXX_LANGUAGE_STANDARD = "gnu++17";
				CLANG_ENABLE_MODULES = YES;
				CLANG_ENABLE_OBJC_ARC = YES;
				CLANG_ENABLE_OBJC_WEAK = YES;
				CLANG_WARN_BLOCK_CAPTURE_AUTORELEASING = YES;
				CLANG_WARN_BOOL_CONVERSION = YES;
				CLANG_WARN_COMMA = YES;
				CLANG_WARN_CONSTANT_CONVERSION = YES;
				CLANG_WARN_DEPRECATED_OBJC_IMPLEMENTATIONS = YES;
				CLANG_WARN_DIRECT_OBJC_ISA_USAGE = YES_ERROR;
				CLANG_WARN_DOCUMENTATION_COMMENTS = YES;
				CLANG_WARN_EMPTY_BODY = YES;
				CLANG_WARN_ENUM_CONVERSION = YES;
				CLANG_WARN_INFINITE_RECURSION = YES;
				CLANG_WARN_INT_CONVERSION = YES;
				CLANG_WARN_NON_LITERAL_NULL_CONVERSION = YES;
				CLANG_WARN_OBJC_IMPLICIT_RETAIN_SELF = YES;
				CLANG_WARN_OBJC_LITERAL_CONVERSION = YES;
				CLANG_WARN_OBJC_ROOT_CLASS = YES_ERROR;
				CLANG_WARN_QUOTED_INCLUDE_IN_FRAMEWORK_HEADER = YES;
				CLANG_WARN_RANGE_LOOP_ANALYSIS = YES;
				CLANG_WARN_STRICT_PROTOTYPES = YES;
				CLANG_WARN_SUSPICIOUS_MOVE = YES;
				CLANG_WARN_UNGUARDED_AVAILABILITY = YES_AGGRESSIVE;
				CLANG_WARN_UNREACHABLE_CODE = YES;
				CLANG_WARN__DUPLICATE_METHOD_MATCH = YES;
				COPY_PHASE_STRIP = NO;
				DEBUG_INFORMATION_FORMAT = "dwarf-with-dsym";
				ENABLE_NS_ASSERTIONS = NO;
				ENABLE_STRICT_OBJC_MSGSEND = YES;
				GCC_C_LANGUAGE_STANDARD = gnu11;
				GCC_NO_COMMON_BLOCKS = YES;
				GCC_WARN_64_TO_32_BIT_CONVERSION = YES;
				GCC_WARN_ABOUT_RETURN_TYPE = YES_ERROR;
				GCC_WARN_UNDECLARED_SELECTOR = YES;
				GCC_WARN_UNINITIALIZED_AUTOS = YES_AGGRESSIVE;
				GCC_WARN_UNUSED_FUNCTION = YES;
				GCC_WARN_UNUSED_VARIABLE = YES;
				MTL_ENABLE_DEBUG_INFO = NO;
				MTL_FAST_MATH = YES;
				SWIFT_COMPILATION_MODE = wholemodule;
				SWIFT_OPTIMIZATION_LEVEL = "-O";
			};
			name = Release;
		};
		B136FFD929418FC2006766AA /* Debug */ = {
			isa = XCBuildConfiguration;
			buildSettings = {
				ASSETCATALOG_COMPILER_APPICON_NAME = AppIcon;
				ASSETCATALOG_COMPILER_GLOBAL_ACCENT_COLOR_NAME = AccentColor;
				CODE_SIGN_STYLE = Automatic;
				CURRENT_PROJECT_VERSION = 1;
				DEVELOPMENT_TEAM = UHB3R2VAW6;
				ENABLE_PREVIEWS = YES;
				GENERATE_INFOPLIST_FILE = YES;
				INFOPLIST_KEY_UIApplicationSceneManifest_Generation = YES;
				INFOPLIST_KEY_UIApplicationSupportsIndirectInputEvents = YES;
				INFOPLIST_KEY_UILaunchScreen_Generation = YES;
				INFOPLIST_KEY_UISupportedInterfaceOrientations_iPad = "UIInterfaceOrientationPortrait UIInterfaceOrientationPortraitUpsideDown UIInterfaceOrientationLandscapeLeft UIInterfaceOrientationLandscapeRight";
				INFOPLIST_KEY_UISupportedInterfaceOrientations_iPhone = "UIInterfaceOrientationPortrait UIInterfaceOrientationLandscapeLeft UIInterfaceOrientationLandscapeRight";
				IPHONEOS_DEPLOYMENT_TARGET = 15.4;
				LD_RUNPATH_SEARCH_PATHS = (
					"$(inherited)",
					"@executable_path/Frameworks",
				);
				MARKETING_VERSION = 1.0;
				PRODUCT_BUNDLE_IDENTIFIER = Jason.GitDemo;
				PRODUCT_NAME = GitDemo;
				SDKROOT = iphoneos;
				SWIFT_EMIT_LOC_STRINGS = YES;
				SWIFT_VERSION = 5.0;
				TARGETED_DEVICE_FAMILY = "1,2";
			};
			name = Debug;
		};
		B136FFDA29418FC2006766AA /* Release */ = {
			isa = XCBuildConfiguration;
			buildSettings = {
				ASSETCATALOG_COMPILER_APPICON_NAME = AppIcon;
				ASSETCATALOG_COMPILER_GLOBAL_ACCENT_COLOR_NAME = AccentColor;
				CODE_SIGN_STYLE = Automatic;
				CURRENT_PROJECT_VERSION = 1;
				DEVELOPMENT_TEAM = UHB3R2VAW6;
				ENABLE_PREVIEWS = YES;
				GENERATE_INFOPLIST_FILE = YES;
				INFOPLIST_KEY_UIApplicationSceneManifest_Generation = YES;
				INFOPLIST_KEY_UIApplicationSupportsIndirectInputEvents = YES;
				INFOPLIST_KEY_UILaunchScreen_Generation = YES;
				INFOPLIST_KEY_UISupportedInterfaceOrientations_iPad = "UIInterfaceOrientationPortrait UIInterfaceOrientationPortraitUpsideDown UIInterfaceOrientationLandscapeLeft UIInterfaceOrientationLandscapeRight";
				INFOPLIST_KEY_UISupportedInterfaceOrientations_iPhone = "UIInterfaceOrientationPortrait UIInterfaceOrientationLandscapeLeft UIInterfaceOrientationLandscapeRight";
				IPHONEOS_DEPLOYMENT_TARGET = 15.4;
				LD_RUNPATH_SEARCH_PATHS = (
					"$(inherited)",
					"@executable_path/Frameworks",
				);
				MARKETING_VERSION = 1.0;
				PRODUCT_BUNDLE_IDENTIFIER = Jason.GitDemo;
				PRODUCT_NAME = GitDemo;
				SDKROOT = iphoneos;
				SWIFT_EMIT_LOC_STRINGS = YES;
				SWIFT_VERSION = 5.0;
				TARGETED_DEVICE_FAMILY = "1,2";
				VALIDATE_PRODUCT = YES;
			};
			name = Release;
		};
		B136FFDC29418FC2006766AA /* Debug */ = {
			isa = XCBuildConfiguration;
			buildSettings = {
				ASSETCATALOG_COMPILER_APPICON_NAME = AppIcon;
				ASSETCATALOG_COMPILER_GLOBAL_ACCENT_COLOR_NAME = AccentColor;
				CODE_SIGN_ENTITLEMENTS = macOS/macOS.entitlements;
				CODE_SIGN_STYLE = Automatic;
				COMBINE_HIDPI_IMAGES = YES;
				CURRENT_PROJECT_VERSION = 1;
				DEVELOPMENT_TEAM = UHB3R2VAW6;
				ENABLE_HARDENED_RUNTIME = YES;
				ENABLE_PREVIEWS = YES;
				GENERATE_INFOPLIST_FILE = YES;
				INFOPLIST_KEY_NSHumanReadableCopyright = "";
				LD_RUNPATH_SEARCH_PATHS = (
					"$(inherited)",
					"@executable_path/../Frameworks",
				);
				MACOSX_DEPLOYMENT_TARGET = 12.0;
				MARKETING_VERSION = 1.0;
				PRODUCT_BUNDLE_IDENTIFIER = Jason.GitDemo;
				PRODUCT_NAME = GitDemo;
				SDKROOT = macosx;
				SWIFT_EMIT_LOC_STRINGS = YES;
				SWIFT_VERSION = 5.0;
			};
			name = Debug;
		};
		B136FFDD29418FC2006766AA /* Release */ = {
			isa = XCBuildConfiguration;
			buildSettings = {
				ASSETCATALOG_COMPILER_APPICON_NAME = AppIcon;
				ASSETCATALOG_COMPILER_GLOBAL_ACCENT_COLOR_NAME = AccentColor;
				CODE_SIGN_ENTITLEMENTS = macOS/macOS.entitlements;
				CODE_SIGN_STYLE = Automatic;
				COMBINE_HIDPI_IMAGES = YES;
				CURRENT_PROJECT_VERSION = 1;
				DEVELOPMENT_TEAM = UHB3R2VAW6;
				ENABLE_HARDENED_RUNTIME = YES;
				ENABLE_PREVIEWS = YES;
				GENERATE_INFOPLIST_FILE = YES;
				INFOPLIST_KEY_NSHumanReadableCopyright = "";
				LD_RUNPATH_SEARCH_PATHS = (
					"$(inherited)",
					"@executable_path/../Frameworks",
				);
				MACOSX_DEPLOYMENT_TARGET = 12.0;
				MARKETING_VERSION = 1.0;
				PRODUCT_BUNDLE_IDENTIFIER = Jason.GitDemo;
				PRODUCT_NAME = GitDemo;
				SDKROOT = macosx;
				SWIFT_EMIT_LOC_STRINGS = YES;
				SWIFT_VERSION = 5.0;
			};
			name = Release;
		};
		B136FFDF29418FC2006766AA /* Debug */ = {
			isa = XCBuildConfiguration;
			buildSettings = {
				ALWAYS_EMBED_SWIFT_STANDARD_LIBRARIES = YES;
				CODE_SIGN_STYLE = Automatic;
				CURRENT_PROJECT_VERSION = 1;
				DEVELOPMENT_TEAM = UHB3R2VAW6;
				GENERATE_INFOPLIST_FILE = YES;
				IPHONEOS_DEPLOYMENT_TARGET = 15.4;
				MARKETING_VERSION = 1.0;
				PRODUCT_BUNDLE_IDENTIFIER = "Jason.Tests-iOS";
				PRODUCT_NAME = "$(TARGET_NAME)";
				SDKROOT = iphoneos;
				SWIFT_EMIT_LOC_STRINGS = NO;
				SWIFT_VERSION = 5.0;
				TARGETED_DEVICE_FAMILY = "1,2";
				TEST_TARGET_NAME = "GitDemo (iOS)";
			};
			name = Debug;
		};
		B136FFE029418FC2006766AA /* Release */ = {
			isa = XCBuildConfiguration;
			buildSettings = {
				ALWAYS_EMBED_SWIFT_STANDARD_LIBRARIES = YES;
				CODE_SIGN_STYLE = Automatic;
				CURRENT_PROJECT_VERSION = 1;
				DEVELOPMENT_TEAM = UHB3R2VAW6;
				GENERATE_INFOPLIST_FILE = YES;
				IPHONEOS_DEPLOYMENT_TARGET = 15.4;
				MARKETING_VERSION = 1.0;
				PRODUCT_BUNDLE_IDENTIFIER = "Jason.Tests-iOS";
				PRODUCT_NAME = "$(TARGET_NAME)";
				SDKROOT = iphoneos;
				SWIFT_EMIT_LOC_STRINGS = NO;
				SWIFT_VERSION = 5.0;
				TARGETED_DEVICE_FAMILY = "1,2";
				TEST_TARGET_NAME = "GitDemo (iOS)";
				VALIDATE_PRODUCT = YES;
			};
			name = Release;
		};
		B136FFE229418FC2006766AA /* Debug */ = {
			isa = XCBuildConfiguration;
			buildSettings = {
				ALWAYS_EMBED_SWIFT_STANDARD_LIBRARIES = YES;
				CODE_SIGN_STYLE = Automatic;
				CURRENT_PROJECT_VERSION = 1;
				DEVELOPMENT_TEAM = UHB3R2VAW6;
				GENERATE_INFOPLIST_FILE = YES;
				MACOSX_DEPLOYMENT_TARGET = 12.0;
				MARKETING_VERSION = 1.0;
				PRODUCT_BUNDLE_IDENTIFIER = "Jason.Tests-macOS";
				PRODUCT_NAME = "$(TARGET_NAME)";
				SDKROOT = macosx;
				SWIFT_EMIT_LOC_STRINGS = NO;
				SWIFT_VERSION = 5.0;
				TEST_TARGET_NAME = "GitDemo (macOS)";
			};
			name = Debug;
		};
		B136FFE329418FC2006766AA /* Release */ = {
			isa = XCBuildConfiguration;
			buildSettings = {
				ALWAYS_EMBED_SWIFT_STANDARD_LIBRARIES = YES;
				CODE_SIGN_STYLE = Automatic;
				CURRENT_PROJECT_VERSION = 1;
				DEVELOPMENT_TEAM = UHB3R2VAW6;
				GENERATE_INFOPLIST_FILE = YES;
				MACOSX_DEPLOYMENT_TARGET = 12.0;
				MARKETING_VERSION = 1.0;
				PRODUCT_BUNDLE_IDENTIFIER = "Jason.Tests-macOS";
				PRODUCT_NAME = "$(TARGET_NAME)";
				SDKROOT = macosx;
				SWIFT_EMIT_LOC_STRINGS = NO;
				SWIFT_VERSION = 5.0;
				TEST_TARGET_NAME = "GitDemo (macOS)";
			};
			name = Release;
		};
/* End XCBuildConfiguration section */

/* Begin XCConfigurationList section */
		B136FFA629418FC2006766AA /* Build configuration list for PBXProject "GitDemo" */ = {
			isa = XCConfigurationList;
			buildConfigurations = (
				B136FFD629418FC2006766AA /* Debug */,
				B136FFD729418FC2006766AA /* Release */,
			);
			defaultConfigurationIsVisible = 0;
			defaultConfigurationName = Release;
		};
		B136FFD829418FC2006766AA /* Build configuration list for PBXNativeTarget "GitDemo (iOS)" */ = {
			isa = XCConfigurationList;
			buildConfigurations = (
				B136FFD929418FC2006766AA /* Debug */,
				B136FFDA29418FC2006766AA /* Release */,
			);
			defaultConfigurationIsVisible = 0;
			defaultConfigurationName = Release;
		};
		B136FFDB29418FC2006766AA /* Build configuration list for PBXNativeTarget "GitDemo (macOS)" */ = {
			isa = XCConfigurationList;
			buildConfigurations = (
				B136FFDC29418FC2006766AA /* Debug */,
				B136FFDD29418FC2006766AA /* Release */,
			);
			defaultConfigurationIsVisible = 0;
			defaultConfigurationName = Release;
		};
		B136FFDE29418FC2006766AA /* Build configuration list for PBXNativeTarget "Tests iOS" */ = {
			isa = XCConfigurationList;
			buildConfigurations = (
				B136FFDF29418FC2006766AA /* Debug */,
				B136FFE029418FC2006766AA /* Release */,
			);
			defaultConfigurationIsVisible = 0;
			defaultConfigurationName = Release;
		};
		B136FFE129418FC2006766AA /* Build configuration list for PBXNativeTarget "Tests macOS" */ = {
			isa = XCConfigurationList;
			buildConfigurations = (
				B136FFE229418FC2006766AA /* Debug */,
				B136FFE329418FC2006766AA /* Release */,
			);
			defaultConfigurationIsVisible = 0;
			defaultConfigurationName = Release;
		};
/* End XCConfigurationList section */
	};
	rootObject = B136FFA329418FC2006766AA /* Project object */;
}
